
Microsoft Visual Studio Solution File, Format Version 12.00
# Visual Studio Version 16
VisualStudioVersion = 16.0.30804.86
MinimumVisualStudioVersion = 10.0.40219.1
Project("{FAE04EC0-301F-11D3-BF4B-00C04F79EFBC}") = "COMP003A.Final", "COMP003A.Final.csproj", "{5251B5D3-C667-4BBD-946D-83530FD1698F}"
EndProject
Global
	GlobalSection(SolutionConfigurationPlatforms) = preSolution
		Debug|Any CPU = Debug|Any CPU
		Release|Any CPU = Release|Any CPU
	EndGlobalSection
	GlobalSection(ProjectConfigurationPlatforms) = postSolution
		{5251B5D3-C667-4BBD-946D-83530FD1698F}.Debug|Any CPU.ActiveCfg = Debug|Any CPU
		{5251B5D3-C667-4BBD-946D-83530FD1698F}.Debug|Any CPU.Build.0 = Debug|Any CPU
		{5251B5D3-C667-4BBD-946D-83530FD1698F}.Release|Any CPU.ActiveCfg = Release|Any CPU
		{5251B5D3-C667-4BBD-946D-83530FD1698F}.Release|Any CPU.Build.0 = Release|Any CPU
	EndGlobalSection
	GlobalSection(SolutionProperties) = preSolution
		HideSolutionNode = FALSE
	EndGlobalSection
	GlobalSection(ExtensibilityGlobals) = postSolution
		SolutionGuid = {1F4F106E-EA29-4EEB-997D-0A66731F39CC}
	EndGlobalSection
EndGlobal
